{
  "version": 4,
  "terraform_version": "1.13.3",
  "serial": 6,
  "lineage": "1d99bd0f-f00a-ea23-1914-beb5ee0a8ed4",
  "outputs": {},
  "resources": [
    {
      "mode": "managed",
      "type": "aws_cloudwatch_log_group",
      "name": "tourism_api_staging",
      "provider": "provider[\"registry.terraform.io/hashicorp/aws\"]",
      "instances": [
        {
          "schema_version": 0,
          "attributes": {
            "arn": "arn:aws:logs:us-east-1:247006907925:log-group:/ecs/tourism-api-staging",
            "id": "/ecs/tourism-api-staging",
            "kms_key_id": "",
            "log_group_class": "STANDARD",
            "name": "/ecs/tourism-api-staging",
            "name_prefix": "",
            "retention_in_days": 30,
            "skip_destroy": false,
            "tags": {
              "Environment": "staging",
              "ManagedBy": "terraform",
              "Project": "tourism-platform"
            },
            "tags_all": {
              "Environment": "staging",
              "ManagedBy": "terraform",
              "Project": "tourism-platform"
            }
          },
          "sensitive_attributes": [],
          "identity_schema_version": 0,
          "private": "bnVsbA=="
        }
      ]
    },
    {
      "mode": "managed",
      "type": "aws_ecs_task_definition",
      "name": "tourism_api_staging",
      "provider": "provider[\"registry.terraform.io/hashicorp/aws\"]",
      "instances": [
        {
          "schema_version": 1,
          "attributes": {
            "arn": "arn:aws:ecs:us-east-1:247006907925:task-definition/tourism-api-staging:1",
            "arn_without_revision": "arn:aws:ecs:us-east-1:247006907925:task-definition/tourism-api-staging",
            "container_definitions": "[{\"environment\":[{\"name\":\"NODE_ENV\",\"value\":\"staging\"},{\"name\":\"PORT\",\"value\":\"8000\"}],\"essential\":true,\"image\":\"247006907925.dkr.ecr.us-east-1.amazonaws.com/tourism-api:staging\",\"logConfiguration\":{\"logDriver\":\"awslogs\",\"options\":{\"awslogs-group\":\"/ecs/tourism-api-staging\",\"awslogs-region\":\"us-east-1\",\"awslogs-stream-prefix\":\"ecs\"}},\"mountPoints\":[],\"name\":\"tourism-api\",\"portMappings\":[{\"containerPort\":8000,\"hostPort\":8000,\"protocol\":\"tcp\"}],\"secrets\":[{\"name\":\"APP_DB_URL\",\"valueFrom\":\"arn:aws:secretsmanager:us-east-1:247006907925:secret:tourism-platform/staging/app-db-url-jk53pC\"}],\"systemControls\":[],\"volumesFrom\":[]}]",
            "cpu": "256",
            "enable_fault_injection": false,
            "ephemeral_storage": [],
            "execution_role_arn": "arn:aws:iam::247006907925:role/ecsTaskExecutionRole",
            "family": "tourism-api-staging",
            "id": "tourism-api-staging",
            "inference_accelerator": [],
            "ipc_mode": "",
            "memory": "512",
            "network_mode": "awsvpc",
            "pid_mode": "",
            "placement_constraints": [],
            "proxy_configuration": [],
            "requires_compatibilities": [
              "FARGATE"
            ],
            "revision": 1,
            "runtime_platform": [],
            "skip_destroy": false,
            "tags": {
              "Environment": "staging",
              "ManagedBy": "terraform",
              "Project": "tourism-platform"
            },
            "tags_all": {
              "Environment": "staging",
              "ManagedBy": "terraform",
              "Project": "tourism-platform"
            },
            "task_role_arn": "",
            "track_latest": false,
            "volume": []
          },
          "sensitive_attributes": [],
          "identity_schema_version": 0,
          "private": "eyJzY2hlbWFfdmVyc2lvbiI6IjEifQ==",
          "dependencies": [
            "aws_secretsmanager_secret.staging_app_db_url"
          ]
        }
      ]
    },
    {
      "mode": "managed",
      "type": "aws_secretsmanager_secret",
      "name": "staging_app_db_url",
      "provider": "provider[\"registry.terraform.io/hashicorp/aws\"]",
      "instances": [
        {
          "schema_version": 0,
          "attributes": {
            "arn": "arn:aws:secretsmanager:us-east-1:247006907925:secret:tourism-platform/staging/app-db-url-jk53pC",
            "description": "Staging database connection string",
            "force_overwrite_replica_secret": false,
            "id": "arn:aws:secretsmanager:us-east-1:247006907925:secret:tourism-platform/staging/app-db-url-jk53pC",
            "kms_key_id": "",
            "name": "tourism-platform/staging/app-db-url",
            "name_prefix": "",
            "policy": "",
            "recovery_window_in_days": 30,
            "replica": [],
            "tags": {
              "Environment": "staging",
              "ManagedBy": "terraform",
              "Project": "tourism-platform"
            },
            "tags_all": {
              "Environment": "staging",
              "ManagedBy": "terraform",
              "Project": "tourism-platform"
            }
          },
          "sensitive_attributes": [],
          "identity_schema_version": 0,
          "private": "bnVsbA=="
        }
      ]
    },
    {
      "mode": "managed",
      "type": "aws_secretsmanager_secret",
      "name": "staging_postgres_app_user",
      "provider": "provider[\"registry.terraform.io/hashicorp/aws\"]",
      "instances": [
        {
          "schema_version": 0,
          "attributes": {
            "arn": "arn:aws:secretsmanager:us-east-1:247006907925:secret:tourism-platform/staging/postgres-app-user-FzzkHI",
            "description": "Staging PostgreSQL application user credentials",
            "force_overwrite_replica_secret": false,
            "id": "arn:aws:secretsmanager:us-east-1:247006907925:secret:tourism-platform/staging/postgres-app-user-FzzkHI",
            "kms_key_id": "",
            "name": "tourism-platform/staging/postgres-app-user",
            "name_prefix": "",
            "policy": "",
            "recovery_window_in_days": 30,
            "replica": [],
            "tags": {
              "Environment": "staging",
              "ManagedBy": "terraform",
              "Project": "tourism-platform"
            },
            "tags_all": {
              "Environment": "staging",
              "ManagedBy": "terraform",
              "Project": "tourism-platform"
            }
          },
          "sensitive_attributes": [],
          "identity_schema_version": 0,
          "private": "bnVsbA=="
        }
      ]
    },
    {
      "mode": "managed",
      "type": "aws_secretsmanager_secret",
      "name": "staging_postgres_report_user",
      "provider": "provider[\"registry.terraform.io/hashicorp/aws\"]",
      "instances": [
        {
          "schema_version": 0,
          "attributes": {
            "arn": "arn:aws:secretsmanager:us-east-1:247006907925:secret:tourism-platform/staging/postgres-report-user-QxwyeK",
            "description": "Staging PostgreSQL reporting user credentials",
            "force_overwrite_replica_secret": false,
            "id": "arn:aws:secretsmanager:us-east-1:247006907925:secret:tourism-platform/staging/postgres-report-user-QxwyeK",
            "kms_key_id": "",
            "name": "tourism-platform/staging/postgres-report-user",
            "name_prefix": "",
            "policy": "",
            "recovery_window_in_days": 30,
            "replica": [],
            "tags": {
              "Environment": "staging",
              "ManagedBy": "terraform",
              "Project": "tourism-platform"
            },
            "tags_all": {
              "Environment": "staging",
              "ManagedBy": "terraform",
              "Project": "tourism-platform"
            }
          },
          "sensitive_attributes": [],
          "identity_schema_version": 0,
          "private": "bnVsbA=="
        }
      ]
    }
  ],
  "check_results": null
}
